
Microsoft Visual Studio Solution File, Format Version 12.00
# Visual Studio 15
VisualStudioVersion = 15.0.27703.2026
MinimumVisualStudioVersion = 10.0.40219.1
Project("{FAE04EC0-301F-11D3-BF4B-00C04F79EFBC}") = "PracticaGrid", "PracticaGrid\PracticaGrid.csproj", "{4E7A9601-1498-4A20-A4B0-788A92A53006}"
EndProject
Global
	GlobalSection(SolutionConfigurationPlatforms) = preSolution
		Debug|Any CPU = Debug|Any CPU
		Release|Any CPU = Release|Any CPU
	EndGlobalSection
	GlobalSection(ProjectConfigurationPlatforms) = postSolution
		{4E7A9601-1498-4A20-A4B0-788A92A53006}.Debug|Any CPU.ActiveCfg = Debug|Any CPU
		{4E7A9601-1498-4A20-A4B0-788A92A53006}.Debug|Any CPU.Build.0 = Debug|Any CPU
		{4E7A9601-1498-4A20-A4B0-788A92A53006}.Release|Any CPU.ActiveCfg = Release|Any CPU
		{4E7A9601-1498-4A20-A4B0-788A92A53006}.Release|Any CPU.Build.0 = Release|Any CPU
	EndGlobalSection
	GlobalSection(SolutionProperties) = preSolution
		HideSolutionNode = FALSE
	EndGlobalSection
	GlobalSection(ExtensibilityGlobals) = postSolution
		SolutionGuid = {4EF11062-CD71-4CDE-9320-5B6AF0B9FCA2}
	EndGlobalSection
EndGlobal
